
Microsoft Visual Studio Solution File, Format Version 12.00
# Visual Studio Version 16
VisualStudioVersion = 16.0.31313.79
MinimumVisualStudioVersion = 10.0.40219.1
Project("{FAE04EC0-301F-11D3-BF4B-00C04F79EFBC}") = "QLBH.WebApplication", "QLBH.WebApplication\QLBH.WebApplication.csproj", "{08214FDB-1D0D-4322-8C9D-FDDB91B36113}"
EndProject
Project("{2150E333-8FDC-42A3-9474-1A3956D46DE8}") = "Solution Items", "Solution Items", "{BED6C719-F79F-404C-A37A-4E9ABCDFF20C}"
	ProjectSection(SolutionItems) = preProject
		README.md = README.md
	EndProjectSection
EndProject
Project("{FAE04EC0-301F-11D3-BF4B-00C04F79EFBC}") = "QLBH.Data", "QLBH.Data\QLBH.Data.csproj", "{814E4D9C-6FB4-4512-B337-74DAA6D465A7}"
EndProject
Project("{FAE04EC0-301F-11D3-BF4B-00C04F79EFBC}") = "QLBH.Application", "QLBH.Application\QLBH.Application.csproj", "{F94F6B9D-0EDE-4A48-AC4D-9F71768F34BB}"
EndProject
Global
	GlobalSection(SolutionConfigurationPlatforms) = preSolution
		Debug|Any CPU = Debug|Any CPU
		Release|Any CPU = Release|Any CPU
	EndGlobalSection
	GlobalSection(ProjectConfigurationPlatforms) = postSolution
		{08214FDB-1D0D-4322-8C9D-FDDB91B36113}.Debug|Any CPU.ActiveCfg = Debug|Any CPU
		{08214FDB-1D0D-4322-8C9D-FDDB91B36113}.Debug|Any CPU.Build.0 = Debug|Any CPU
		{08214FDB-1D0D-4322-8C9D-FDDB91B36113}.Release|Any CPU.ActiveCfg = Release|Any CPU
		{08214FDB-1D0D-4322-8C9D-FDDB91B36113}.Release|Any CPU.Build.0 = Release|Any CPU
		{814E4D9C-6FB4-4512-B337-74DAA6D465A7}.Debug|Any CPU.ActiveCfg = Debug|Any CPU
		{814E4D9C-6FB4-4512-B337-74DAA6D465A7}.Debug|Any CPU.Build.0 = Debug|Any CPU
		{814E4D9C-6FB4-4512-B337-74DAA6D465A7}.Release|Any CPU.ActiveCfg = Release|Any CPU
		{814E4D9C-6FB4-4512-B337-74DAA6D465A7}.Release|Any CPU.Build.0 = Release|Any CPU
		{F94F6B9D-0EDE-4A48-AC4D-9F71768F34BB}.Debug|Any CPU.ActiveCfg = Debug|Any CPU
		{F94F6B9D-0EDE-4A48-AC4D-9F71768F34BB}.Debug|Any CPU.Build.0 = Debug|Any CPU
		{F94F6B9D-0EDE-4A48-AC4D-9F71768F34BB}.Release|Any CPU.ActiveCfg = Release|Any CPU
		{F94F6B9D-0EDE-4A48-AC4D-9F71768F34BB}.Release|Any CPU.Build.0 = Release|Any CPU
	EndGlobalSection
	GlobalSection(SolutionProperties) = preSolution
		HideSolutionNode = FALSE
	EndGlobalSection
	GlobalSection(ExtensibilityGlobals) = postSolution
		SolutionGuid = {B97B3744-1E96-46B6-8BDB-2AC269281293}
	EndGlobalSection
EndGlobal
